// !$*UTF8*$!
{
	archiveVersion = 1;
	classes = {
	};
	objectVersion = 46;
	objects = {

/* Begin PBXBuildFile section */
		6D10F51B1C66B72F00D67C72 /* PostApiManager.swift in Sources */ = {isa = PBXBuildFile; fileRef = 6D10F51A1C66B72F00D67C72 /* PostApiManager.swift */; };
		6D16B0151C499B6A00AE87C0 /* UserActivityViewController.swift in Sources */ = {isa = PBXBuildFile; fileRef = 6D16B0141C499B6A00AE87C0 /* UserActivityViewController.swift */; };
		6D16B0171C499BA100AE87C0 /* RecentActivityViewController.swift in Sources */ = {isa = PBXBuildFile; fileRef = 6D16B0161C499BA100AE87C0 /* RecentActivityViewController.swift */; };
		6D16B0191C499C4200AE87C0 /* NewPostViewController.swift in Sources */ = {isa = PBXBuildFile; fileRef = 6D16B0181C499C4200AE87C0 /* NewPostViewController.swift */; };
		6D16B01B1C499C5B00AE87C0 /* ViewPostViewController.swift in Sources */ = {isa = PBXBuildFile; fileRef = 6D16B01A1C499C5B00AE87C0 /* ViewPostViewController.swift */; };
		6D34714B1C8F580100A6E56B /* ReplyCell.swift in Sources */ = {isa = PBXBuildFile; fileRef = 6D34714A1C8F580100A6E56B /* ReplyCell.swift */; };
		6D34714D1C8F5B7A00A6E56B /* CommentApiManager.swift in Sources */ = {isa = PBXBuildFile; fileRef = 6D34714C1C8F5B7A00A6E56B /* CommentApiManager.swift */; };
		6D3DD2421C6E94D5003F430B /* LaunchViewController.swift in Sources */ = {isa = PBXBuildFile; fileRef = 6D3DD2411C6E94D5003F430B /* LaunchViewController.swift */; };
		6D5FA8FB1C45B3EB0091CF3D /* AppDelegate.swift in Sources */ = {isa = PBXBuildFile; fileRef = 6D5FA8FA1C45B3EB0091CF3D /* AppDelegate.swift */; };
		6D5FA9021C45B3EB0091CF3D /* Main.storyboard in Resources */ = {isa = PBXBuildFile; fileRef = 6D5FA9001C45B3EB0091CF3D /* Main.storyboard */; };
		6D5FA9041C45B3EB0091CF3D /* Assets.xcassets in Resources */ = {isa = PBXBuildFile; fileRef = 6D5FA9031C45B3EB0091CF3D /* Assets.xcassets */; };
		6D5FA9071C45B3EB0091CF3D /* LaunchScreen.storyboard in Resources */ = {isa = PBXBuildFile; fileRef = 6D5FA9051C45B3EB0091CF3D /* LaunchScreen.storyboard */; };
		6D774C611C8BF118000D43DB /* VoteApiManager.swift in Sources */ = {isa = PBXBuildFile; fileRef = 6D774C601C8BF118000D43DB /* VoteApiManager.swift */; };
		6D774C631C8DEDBF000D43DB /* SinglePostCell.swift in Sources */ = {isa = PBXBuildFile; fileRef = 6D774C621C8DEDBF000D43DB /* SinglePostCell.swift */; };
		6DA3BED21C86BE4B005A19B8 /* Photos.framework in Frameworks */ = {isa = PBXBuildFile; fileRef = 6DA3BED11C86BE4B005A19B8 /* Photos.framework */; };
		6DA3BED41C876795005A19B8 /* CommentCell.swift in Sources */ = {isa = PBXBuildFile; fileRef = 6DA3BED31C876795005A19B8 /* CommentCell.swift */; };
		6DA42DE91C6FB85700AEDA8E /* Post.swift in Sources */ = {isa = PBXBuildFile; fileRef = 6DA42DE81C6FB85700AEDA8E /* Post.swift */; };
		6DA42DEB1C6FB90900AEDA8E /* UserApiManager.swift in Sources */ = {isa = PBXBuildFile; fileRef = 6DA42DEA1C6FB90900AEDA8E /* UserApiManager.swift */; };
		6DA42DED1C6FB91B00AEDA8E /* User.swift in Sources */ = {isa = PBXBuildFile; fileRef = 6DA42DEC1C6FB91B00AEDA8E /* User.swift */; };
		6DAF1DD01C8E3F570059BC11 /* Pacifico.ttf in Resources */ = {isa = PBXBuildFile; fileRef = 6DAF1DCF1C8E3F570059BC11 /* Pacifico.ttf */; };
		6DAF1DD21C8E42930059BC11 /* NavigationController.swift in Sources */ = {isa = PBXBuildFile; fileRef = 6DAF1DD11C8E42930059BC11 /* NavigationController.swift */; };
		6DAF1DDF1C8E55CF0059BC11 /* util.swift in Sources */ = {isa = PBXBuildFile; fileRef = 6DAF1DDE1C8E55CF0059BC11 /* util.swift */; };
		6DAF1DE11C8E55F00059BC11 /* ChatBubbleData.swift in Sources */ = {isa = PBXBuildFile; fileRef = 6DAF1DE01C8E55F00059BC11 /* ChatBubbleData.swift */; };
		6DAF1DE31C8E56270059BC11 /* ChatBubble.swift in Sources */ = {isa = PBXBuildFile; fileRef = 6DAF1DE21C8E56270059BC11 /* ChatBubble.swift */; };
		6DB3F4F61C7EDCBF00771679 /* PostCell.swift in Sources */ = {isa = PBXBuildFile; fileRef = 6DB3F4F51C7EDCBF00771679 /* PostCell.swift */; };
		6DB951401C55C33C003136A8 /* Default-568h@2x.png in Resources */ = {isa = PBXBuildFile; fileRef = 6DB9513F1C55C33C003136A8 /* Default-568h@2x.png */; };
		6DB951421C56D5B4003136A8 /* Constants.swift in Sources */ = {isa = PBXBuildFile; fileRef = 6DB951411C56D5B4003136A8 /* Constants.swift */; };
		85250326A92E83701E12E326 /* Pods.framework in Frameworks */ = {isa = PBXBuildFile; fileRef = 2400E666DD2934B2F35C08E2 /* Pods.framework */; };
/* End PBXBuildFile section */

/* Begin PBXFileReference section */
		02B346C0653FBB6CBAE03797 /* Pods.release.xcconfig */ = {isa = PBXFileReference; includeInIndex = 1; lastKnownFileType = text.xcconfig; name = Pods.release.xcconfig; path = "Pods/Target Support Files/Pods/Pods.release.xcconfig"; sourceTree = "<group>"; };
		2400E666DD2934B2F35C08E2 /* Pods.framework */ = {isa = PBXFileReference; explicitFileType = wrapper.framework; includeInIndex = 0; path = Pods.framework; sourceTree = BUILT_PRODUCTS_DIR; };
		3B54D475CDA2A077B0C1BB9D /* Pods.debug.xcconfig */ = {isa = PBXFileReference; includeInIndex = 1; lastKnownFileType = text.xcconfig; name = Pods.debug.xcconfig; path = "Pods/Target Support Files/Pods/Pods.debug.xcconfig"; sourceTree = "<group>"; };
		6D10F51A1C66B72F00D67C72 /* PostApiManager.swift */ = {isa = PBXFileReference; fileEncoding = 4; lastKnownFileType = sourcecode.swift; path = PostApiManager.swift; sourceTree = "<group>"; };
		6D16B0141C499B6A00AE87C0 /* UserActivityViewController.swift */ = {isa = PBXFileReference; fileEncoding = 4; lastKnownFileType = sourcecode.swift; path = UserActivityViewController.swift; sourceTree = "<group>"; };
		6D16B0161C499BA100AE87C0 /* RecentActivityViewController.swift */ = {isa = PBXFileReference; fileEncoding = 4; lastKnownFileType = sourcecode.swift; path = RecentActivityViewController.swift; sourceTree = "<group>"; };
		6D16B0181C499C4200AE87C0 /* NewPostViewController.swift */ = {isa = PBXFileReference; fileEncoding = 4; lastKnownFileType = sourcecode.swift; path = NewPostViewController.swift; sourceTree = "<group>"; };
		6D16B01A1C499C5B00AE87C0 /* ViewPostViewController.swift */ = {isa = PBXFileReference; fileEncoding = 4; lastKnownFileType = sourcecode.swift; path = ViewPostViewController.swift; sourceTree = "<group>"; };
		6D34714A1C8F580100A6E56B /* ReplyCell.swift */ = {isa = PBXFileReference; fileEncoding = 4; lastKnownFileType = sourcecode.swift; path = ReplyCell.swift; sourceTree = "<group>"; };
		6D34714C1C8F5B7A00A6E56B /* CommentApiManager.swift */ = {isa = PBXFileReference; fileEncoding = 4; lastKnownFileType = sourcecode.swift; path = CommentApiManager.swift; sourceTree = "<group>"; };
		6D3DD2411C6E94D5003F430B /* LaunchViewController.swift */ = {isa = PBXFileReference; fileEncoding = 4; lastKnownFileType = sourcecode.swift; path = LaunchViewController.swift; sourceTree = "<group>"; };
		6D5FA8F71C45B3EB0091CF3D /* FlashFlood.app */ = {isa = PBXFileReference; explicitFileType = wrapper.application; includeInIndex = 0; path = FlashFlood.app; sourceTree = BUILT_PRODUCTS_DIR; };
		6D5FA8FA1C45B3EB0091CF3D /* AppDelegate.swift */ = {isa = PBXFileReference; lastKnownFileType = sourcecode.swift; path = AppDelegate.swift; sourceTree = "<group>"; };
		6D5FA9011C45B3EB0091CF3D /* Base */ = {isa = PBXFileReference; lastKnownFileType = file.storyboard; name = Base; path = Base.lproj/Main.storyboard; sourceTree = "<group>"; };
		6D5FA9031C45B3EB0091CF3D /* Assets.xcassets */ = {isa = PBXFileReference; lastKnownFileType = folder.assetcatalog; path = Assets.xcassets; sourceTree = "<group>"; };
		6D5FA9061C45B3EB0091CF3D /* Base */ = {isa = PBXFileReference; lastKnownFileType = file.storyboard; name = Base; path = Base.lproj/LaunchScreen.storyboard; sourceTree = "<group>"; };
		6D5FA9081C45B3EB0091CF3D /* Info.plist */ = {isa = PBXFileReference; lastKnownFileType = text.plist.xml; path = Info.plist; sourceTree = "<group>"; };
		6D774C601C8BF118000D43DB /* VoteApiManager.swift */ = {isa = PBXFileReference; fileEncoding = 4; lastKnownFileType = sourcecode.swift; path = VoteApiManager.swift; sourceTree = "<group>"; };
		6D774C621C8DEDBF000D43DB /* SinglePostCell.swift */ = {isa = PBXFileReference; fileEncoding = 4; lastKnownFileType = sourcecode.swift; path = SinglePostCell.swift; sourceTree = "<group>"; };
		6DA3BED11C86BE4B005A19B8 /* Photos.framework */ = {isa = PBXFileReference; lastKnownFileType = wrapper.framework; name = Photos.framework; path = System/Library/Frameworks/Photos.framework; sourceTree = SDKROOT; };
		6DA3BED31C876795005A19B8 /* CommentCell.swift */ = {isa = PBXFileReference; fileEncoding = 4; lastKnownFileType = sourcecode.swift; path = CommentCell.swift; sourceTree = "<group>"; };
		6DA42DE81C6FB85700AEDA8E /* Post.swift */ = {isa = PBXFileReference; fileEncoding = 4; lastKnownFileType = sourcecode.swift; path = Post.swift; sourceTree = "<group>"; };
		6DA42DEA1C6FB90900AEDA8E /* UserApiManager.swift */ = {isa = PBXFileReference; fileEncoding = 4; lastKnownFileType = sourcecode.swift; path = UserApiManager.swift; sourceTree = "<group>"; };
		6DA42DEC1C6FB91B00AEDA8E /* User.swift */ = {isa = PBXFileReference; fileEncoding = 4; lastKnownFileType = sourcecode.swift; path = User.swift; sourceTree = "<group>"; };
		6DAF1DCF1C8E3F570059BC11 /* Pacifico.ttf */ = {isa = PBXFileReference; lastKnownFileType = file; path = Pacifico.ttf; sourceTree = "<group>"; };
		6DAF1DD11C8E42930059BC11 /* NavigationController.swift */ = {isa = PBXFileReference; fileEncoding = 4; lastKnownFileType = sourcecode.swift; path = NavigationController.swift; sourceTree = "<group>"; };
		6DAF1DDE1C8E55CF0059BC11 /* util.swift */ = {isa = PBXFileReference; fileEncoding = 4; lastKnownFileType = sourcecode.swift; path = util.swift; sourceTree = "<group>"; };
		6DAF1DE01C8E55F00059BC11 /* ChatBubbleData.swift */ = {isa = PBXFileReference; fileEncoding = 4; lastKnownFileType = sourcecode.swift; path = ChatBubbleData.swift; sourceTree = "<group>"; };
		6DAF1DE21C8E56270059BC11 /* ChatBubble.swift */ = {isa = PBXFileReference; fileEncoding = 4; lastKnownFileType = sourcecode.swift; path = ChatBubble.swift; sourceTree = "<group>"; };
		6DB3F4F51C7EDCBF00771679 /* PostCell.swift */ = {isa = PBXFileReference; fileEncoding = 4; lastKnownFileType = sourcecode.swift; path = PostCell.swift; sourceTree = "<group>"; };
		6DB9513F1C55C33C003136A8 /* Default-568h@2x.png */ = {isa = PBXFileReference; lastKnownFileType = image.png; path = "Default-568h@2x.png"; sourceTree = "<group>"; };
		6DB951411C56D5B4003136A8 /* Constants.swift */ = {isa = PBXFileReference; fileEncoding = 4; lastKnownFileType = sourcecode.swift; path = Constants.swift; sourceTree = "<group>"; };
		6DB951431C56DCE0003136A8 /* ObjectiveC_Bridging_Header.h */ = {isa = PBXFileReference; lastKnownFileType = sourcecode.c.h; path = ObjectiveC_Bridging_Header.h; sourceTree = "<group>"; };
/* End PBXFileReference section */

/* Begin PBXFrameworksBuildPhase section */
		6D5FA8F41C45B3EB0091CF3D /* Frameworks */ = {
			isa = PBXFrameworksBuildPhase;
			buildActionMask = 2147483647;
			files = (
				6DA3BED21C86BE4B005A19B8 /* Photos.framework in Frameworks */,
				85250326A92E83701E12E326 /* Pods.framework in Frameworks */,
			);
			runOnlyForDeploymentPostprocessing = 0;
		};
/* End PBXFrameworksBuildPhase section */

/* Begin PBXGroup section */
		09D1FDBE7D9DEC06C0E4E196 /* Frameworks */ = {
			isa = PBXGroup;
			children = (
				6DA3BED11C86BE4B005A19B8 /* Photos.framework */,
				2400E666DD2934B2F35C08E2 /* Pods.framework */,
			);
			name = Frameworks;
			sourceTree = "<group>";
		};
		6D16B0101C498A0F00AE87C0 /* Model */ = {
			isa = PBXGroup;
			children = (
				6D10F51A1C66B72F00D67C72 /* PostApiManager.swift */,
				6DA42DE81C6FB85700AEDA8E /* Post.swift */,
				6DA42DEA1C6FB90900AEDA8E /* UserApiManager.swift */,
				6DA42DEC1C6FB91B00AEDA8E /* User.swift */,
				6D774C601C8BF118000D43DB /* VoteApiManager.swift */,
				6D34714C1C8F5B7A00A6E56B /* CommentApiManager.swift */,
			);
			name = Model;
			sourceTree = "<group>";
		};
		6D16B0111C498A1600AE87C0 /* View */ = {
			isa = PBXGroup;
			children = (
				6D5FA9051C45B3EB0091CF3D /* LaunchScreen.storyboard */,
				6D5FA9001C45B3EB0091CF3D /* Main.storyboard */,
				6DB3F4F51C7EDCBF00771679 /* PostCell.swift */,
				6DA3BED31C876795005A19B8 /* CommentCell.swift */,
				6D774C621C8DEDBF000D43DB /* SinglePostCell.swift */,
				6D34714A1C8F580100A6E56B /* ReplyCell.swift */,
			);
			name = View;
			sourceTree = "<group>";
		};
		6D16B0121C498A1B00AE87C0 /* Controller */ = {
			isa = PBXGroup;
			children = (
				6D5FA8FA1C45B3EB0091CF3D /* AppDelegate.swift */,
				6D16B0141C499B6A00AE87C0 /* UserActivityViewController.swift */,
				6D16B0161C499BA100AE87C0 /* RecentActivityViewController.swift */,
				6D16B0181C499C4200AE87C0 /* NewPostViewController.swift */,
				6D16B01A1C499C5B00AE87C0 /* ViewPostViewController.swift */,
				6D3DD2411C6E94D5003F430B /* LaunchViewController.swift */,
				6DAF1DD11C8E42930059BC11 /* NavigationController.swift */,
			);
			name = Controller;
			sourceTree = "<group>";
		};
		6D16B0131C498A2500AE87C0 /* Assets */ = {
			isa = PBXGroup;
			children = (
				6DAF1DDD1C8E55840059BC11 /* ChatBubble */,
				6DAF1DCF1C8E3F570059BC11 /* Pacifico.ttf */,
				6D5FA9031C45B3EB0091CF3D /* Assets.xcassets */,
			);
			name = Assets;
			sourceTree = "<group>";
		};
		6D5FA8EE1C45B3EB0091CF3D = {
			isa = PBXGroup;
			children = (
				6DB9513F1C55C33C003136A8 /* Default-568h@2x.png */,
				6D5FA8F91C45B3EB0091CF3D /* FlashFlood */,
				6D5FA8F81C45B3EB0091CF3D /* Products */,
				7D811CA4B3CB07E0C85D1727 /* Pods */,
				09D1FDBE7D9DEC06C0E4E196 /* Frameworks */,
			);
			sourceTree = "<group>";
		};
		6D5FA8F81C45B3EB0091CF3D /* Products */ = {
			isa = PBXGroup;
			children = (
				6D5FA8F71C45B3EB0091CF3D /* FlashFlood.app */,
			);
			name = Products;
			sourceTree = "<group>";
		};
		6D5FA8F91C45B3EB0091CF3D /* FlashFlood */ = {
			isa = PBXGroup;
			children = (
				6D16B0101C498A0F00AE87C0 /* Model */,
				6D16B0111C498A1600AE87C0 /* View */,
				6D16B0121C498A1B00AE87C0 /* Controller */,
				6D16B0131C498A2500AE87C0 /* Assets */,
				6D5FA9081C45B3EB0091CF3D /* Info.plist */,
				6DB951411C56D5B4003136A8 /* Constants.swift */,
				6DB951431C56DCE0003136A8 /* ObjectiveC_Bridging_Header.h */,
			);
			path = FlashFlood;
			sourceTree = "<group>";
		};
		6DAF1DDD1C8E55840059BC11 /* ChatBubble */ = {
			isa = PBXGroup;
			children = (
				6DAF1DDE1C8E55CF0059BC11 /* util.swift */,
				6DAF1DE01C8E55F00059BC11 /* ChatBubbleData.swift */,
				6DAF1DE21C8E56270059BC11 /* ChatBubble.swift */,
			);
			name = ChatBubble;
			sourceTree = "<group>";
		};
		7D811CA4B3CB07E0C85D1727 /* Pods */ = {
			isa = PBXGroup;
			children = (
				3B54D475CDA2A077B0C1BB9D /* Pods.debug.xcconfig */,
				02B346C0653FBB6CBAE03797 /* Pods.release.xcconfig */,
			);
			name = Pods;
			sourceTree = "<group>";
		};
/* End PBXGroup section */

/* Begin PBXNativeTarget section */
		6D5FA8F61C45B3EB0091CF3D /* FlashFlood */ = {
			isa = PBXNativeTarget;
			buildConfigurationList = 6D5FA90B1C45B3EB0091CF3D /* Build configuration list for PBXNativeTarget "FlashFlood" */;
			buildPhases = (
				2AD6EB89C8B768BF033DA161 /* Check Pods Manifest.lock */,
				6D5FA8F31C45B3EB0091CF3D /* Sources */,
				6D5FA8F41C45B3EB0091CF3D /* Frameworks */,
				6D5FA8F51C45B3EB0091CF3D /* Resources */,
				9211C2368CED8D935D547C77 /* Embed Pods Frameworks */,
				3EBBE6383F8938F12487E7B3 /* Copy Pods Resources */,
			);
			buildRules = (
			);
			dependencies = (
			);
			name = FlashFlood;
			productName = FlashFlood;
			productReference = 6D5FA8F71C45B3EB0091CF3D /* FlashFlood.app */;
			productType = "com.apple.product-type.application";
		};
/* End PBXNativeTarget section */

/* Begin PBXProject section */
		6D5FA8EF1C45B3EB0091CF3D /* Project object */ = {
			isa = PBXProject;
			attributes = {
				LastSwiftUpdateCheck = 0720;
				LastUpgradeCheck = 0720;
				ORGANIZATIONNAME = "Braden Casperson";
				TargetAttributes = {
					6D5FA8F61C45B3EB0091CF3D = {
						CreatedOnToolsVersion = 7.2;
						DevelopmentTeam = WXC4F48AGZ;
					};
				};
			};
			buildConfigurationList = 6D5FA8F21C45B3EB0091CF3D /* Build configuration list for PBXProject "FlashFlood" */;
			compatibilityVersion = "Xcode 3.2";
			developmentRegion = English;
			hasScannedForEncodings = 0;
			knownRegions = (
				en,
				Base,
			);
			mainGroup = 6D5FA8EE1C45B3EB0091CF3D;
			productRefGroup = 6D5FA8F81C45B3EB0091CF3D /* Products */;
			projectDirPath = "";
			projectRoot = "";
			targets = (
				6D5FA8F61C45B3EB0091CF3D /* FlashFlood */,
			);
		};
/* End PBXProject section */

/* Begin PBXResourcesBuildPhase section */
		6D5FA8F51C45B3EB0091CF3D /* Resources */ = {
			isa = PBXResourcesBuildPhase;
			buildActionMask = 2147483647;
			files = (
				6D5FA9071C45B3EB0091CF3D /* LaunchScreen.storyboard in Resources */,
				6DAF1DD01C8E3F570059BC11 /* Pacifico.ttf in Resources */,
				6DB951401C55C33C003136A8 /* Default-568h@2x.png in Resources */,
				6D5FA9041C45B3EB0091CF3D /* Assets.xcassets in Resources */,
				6D5FA9021C45B3EB0091CF3D /* Main.storyboard in Resources */,
			);
			runOnlyForDeploymentPostprocessing = 0;
		};
/* End PBXResourcesBuildPhase section */

/* Begin PBXShellScriptBuildPhase section */
		2AD6EB89C8B768BF033DA161 /* Check Pods Manifest.lock */ = {
			isa = PBXShellScriptBuildPhase;
			buildActionMask = 2147483647;
			files = (
			);
			inputPaths = (
			);
			name = "Check Pods Manifest.lock";
			outputPaths = (
			);
			runOnlyForDeploymentPostprocessing = 0;
			shellPath = /bin/sh;
			shellScript = "diff \"${PODS_ROOT}/../Podfile.lock\" \"${PODS_ROOT}/Manifest.lock\" > /dev/null\nif [[ $? != 0 ]] ; then\n    cat << EOM\nerror: The sandbox is not in sync with the Podfile.lock. Run 'pod install' or update your CocoaPods installation.\nEOM\n    exit 1\nfi\n";
			showEnvVarsInLog = 0;
		};
		3EBBE6383F8938F12487E7B3 /* Copy Pods Resources */ = {
			isa = PBXShellScriptBuildPhase;
			buildActionMask = 2147483647;
			files = (
			);
			inputPaths = (
			);
			name = "Copy Pods Resources";
			outputPaths = (
			);
			runOnlyForDeploymentPostprocessing = 0;
			shellPath = /bin/sh;
			shellScript = "\"${SRCROOT}/Pods/Target Support Files/Pods/Pods-resources.sh\"\n";
			showEnvVarsInLog = 0;
		};
		9211C2368CED8D935D547C77 /* Embed Pods Frameworks */ = {
			isa = PBXShellScriptBuildPhase;
			buildActionMask = 2147483647;
			files = (
			);
			inputPaths = (
			);
			name = "Embed Pods Frameworks";
			outputPaths = (
			);
			runOnlyForDeploymentPostprocessing = 0;
			shellPath = /bin/sh;
			shellScript = "\"${SRCROOT}/Pods/Target Support Files/Pods/Pods-frameworks.sh\"\n";
			showEnvVarsInLog = 0;
		};
/* End PBXShellScriptBuildPhase section */

/* Begin PBXSourcesBuildPhase section */
		6D5FA8F31C45B3EB0091CF3D /* Sources */ = {
			isa = PBXSourcesBuildPhase;
			buildActionMask = 2147483647;
			files = (
				6D3DD2421C6E94D5003F430B /* LaunchViewController.swift in Sources */,
				6D5FA8FB1C45B3EB0091CF3D /* AppDelegate.swift in Sources */,
				6DAF1DDF1C8E55CF0059BC11 /* util.swift in Sources */,
				6D16B0171C499BA100AE87C0 /* RecentActivityViewController.swift in Sources */,
				6DA3BED41C876795005A19B8 /* CommentCell.swift in Sources */,
				6DAF1DD21C8E42930059BC11 /* NavigationController.swift in Sources */,
				6D16B0151C499B6A00AE87C0 /* UserActivityViewController.swift in Sources */,
				6D774C611C8BF118000D43DB /* VoteApiManager.swift in Sources */,
				6D774C631C8DEDBF000D43DB /* SinglePostCell.swift in Sources */,
				6D34714D1C8F5B7A00A6E56B /* CommentApiManager.swift in Sources */,
				6DB951421C56D5B4003136A8 /* Constants.swift in Sources */,
				6DAF1DE31C8E56270059BC11 /* ChatBubble.swift in Sources */,
				6DB3F4F61C7EDCBF00771679 /* PostCell.swift in Sources */,
				6DAF1DE11C8E55F00059BC11 /* ChatBubbleData.swift in Sources */,
				6D34714B1C8F580100A6E56B /* ReplyCell.swift in Sources */,
				6D16B0191C499C4200AE87C0 /* NewPostViewController.swift in Sources */,
				6D10F51B1C66B72F00D67C72 /* PostApiManager.swift in Sources */,
				6DA42DED1C6FB91B00AEDA8E /* User.swift in Sources */,
				6D16B01B1C499C5B00AE87C0 /* ViewPostViewController.swift in Sources */,
				6DA42DE91C6FB85700AEDA8E /* Post.swift in Sources */,
				6DA42DEB1C6FB90900AEDA8E /* UserApiManager.swift in Sources */,
			);
			runOnlyForDeploymentPostprocessing = 0;
		};
/* End PBXSourcesBuildPhase section */

/* Begin PBXVariantGroup section */
		6D5FA9001C45B3EB0091CF3D /* Main.storyboard */ = {
			isa = PBXVariantGroup;
			children = (
				6D5FA9011C45B3EB0091CF3D /* Base */,
			);
			name = Main.storyboard;
			sourceTree = "<group>";
		};
		6D5FA9051C45B3EB0091CF3D /* LaunchScreen.storyboard */ = {
			isa = PBXVariantGroup;
			children = (
				6D5FA9061C45B3EB0091CF3D /* Base */,
			);
			name = LaunchScreen.storyboard;
			sourceTree = "<group>";
		};
/* End PBXVariantGroup section */

/* Begin XCBuildConfiguration section */
		6D5FA9091C45B3EB0091CF3D /* Debug */ = {
			isa = XCBuildConfiguration;
			buildSettings = {
				ALWAYS_SEARCH_USER_PATHS = NO;
				CLANG_CXX_LANGUAGE_STANDARD = "gnu++0x";
				CLANG_CXX_LIBRARY = "libc++";
				CLANG_ENABLE_MODULES = YES;
				CLANG_ENABLE_OBJC_ARC = YES;
				CLANG_WARN_BOOL_CONVERSION = YES;
				CLANG_WARN_CONSTANT_CONVERSION = YES;
				CLANG_WARN_DIRECT_OBJC_ISA_USAGE = YES_ERROR;
				CLANG_WARN_EMPTY_BODY = YES;
				CLANG_WARN_ENUM_CONVERSION = YES;
				CLANG_WARN_INT_CONVERSION = YES;
				CLANG_WARN_OBJC_ROOT_CLASS = YES_ERROR;
				CLANG_WARN_UNREACHABLE_CODE = YES;
				CLANG_WARN__DUPLICATE_METHOD_MATCH = YES;
				"CODE_SIGN_IDENTITY[sdk=iphoneos*]" = "iPhone Developer";
				COPY_PHASE_STRIP = NO;
				DEBUG_INFORMATION_FORMAT = dwarf;
				ENABLE_STRICT_OBJC_MSGSEND = YES;
				ENABLE_TESTABILITY = YES;
				GCC_C_LANGUAGE_STANDARD = gnu99;
				GCC_DYNAMIC_NO_PIC = NO;
				GCC_NO_COMMON_BLOCKS = YES;
				GCC_OPTIMIZATION_LEVEL = 0;
				GCC_PREPROCESSOR_DEFINITIONS = (
					"DEBUG=1",
					"$(inherited)",
				);
				GCC_WARN_64_TO_32_BIT_CONVERSION = YES;
				GCC_WARN_ABOUT_RETURN_TYPE = YES_ERROR;
				GCC_WARN_UNDECLARED_SELECTOR = YES;
				GCC_WARN_UNINITIALIZED_AUTOS = YES_AGGRESSIVE;
				GCC_WARN_UNUSED_FUNCTION = YES;
				GCC_WARN_UNUSED_VARIABLE = YES;
				IPHONEOS_DEPLOYMENT_TARGET = 9.2;
				MTL_ENABLE_DEBUG_INFO = YES;
				ONLY_ACTIVE_ARCH = YES;
				SDKROOT = iphoneos;
				SWIFT_OPTIMIZATION_LEVEL = "-Onone";
				TARGETED_DEVICE_FAMILY = "1,2";
			};
			name = Debug;
		};
		6D5FA90A1C45B3EB0091CF3D /* Release */ = {
			isa = XCBuildConfiguration;
			buildSettings = {
				ALWAYS_SEARCH_USER_PATHS = NO;
				CLANG_CXX_LANGUAGE_STANDARD = "gnu++0x";
				CLANG_CXX_LIBRARY = "libc++";
				CLANG_ENABLE_MODULES = YES;
				CLANG_ENABLE_OBJC_ARC = YES;
				CLANG_WARN_BOOL_CONVERSION = YES;
				CLANG_WARN_CONSTANT_CONVERSION = YES;
				CLANG_WARN_DIRECT_OBJC_ISA_USAGE = YES_ERROR;
				CLANG_WARN_EMPTY_BODY = YES;
				CLANG_WARN_ENUM_CONVERSION = YES;
				CLANG_WARN_INT_CONVERSION = YES;
				CLANG_WARN_OBJC_ROOT_CLASS = YES_ERROR;
				CLANG_WARN_UNREACHABLE_CODE = YES;
				CLANG_WARN__DUPLICATE_METHOD_MATCH = YES;
				"CODE_SIGN_IDENTITY[sdk=iphoneos*]" = "iPhone Developer";
				COPY_PHASE_STRIP = NO;
				DEBUG_INFORMATION_FORMAT = "dwarf-with-dsym";
				ENABLE_NS_ASSERTIONS = NO;
				ENABLE_STRICT_OBJC_MSGSEND = YES;
				GCC_C_LANGUAGE_STANDARD = gnu99;
				GCC_NO_COMMON_BLOCKS = YES;
				GCC_WARN_64_TO_32_BIT_CONVERSION = YES;
				GCC_WARN_ABOUT_RETURN_TYPE = YES_ERROR;
				GCC_WARN_UNDECLARED_SELECTOR = YES;
				GCC_WARN_UNINITIALIZED_AUTOS = YES_AGGRESSIVE;
				GCC_WARN_UNUSED_FUNCTION = YES;
				GCC_WARN_UNUSED_VARIABLE = YES;
				IPHONEOS_DEPLOYMENT_TARGET = 9.2;
				MTL_ENABLE_DEBUG_INFO = NO;
				SDKROOT = iphoneos;
				TARGETED_DEVICE_FAMILY = "1,2";
				VALIDATE_PRODUCT = YES;
			};
			name = Release;
		};
		6D5FA90C1C45B3EB0091CF3D /* Debug */ = {
			isa = XCBuildConfiguration;
			baseConfigurationReference = 3B54D475CDA2A077B0C1BB9D /* Pods.debug.xcconfig */;
			buildSettings = {
				ASSETCATALOG_COMPILER_APPICON_NAME = AppIcon;
				INFOPLIST_FILE = FlashFlood/Info.plist;
				LD_RUNPATH_SEARCH_PATHS = "$(inherited) @executable_path/Frameworks";
				PRODUCT_BUNDLE_IDENTIFIER = IS552.FlashFlood;
				PRODUCT_NAME = "$(TARGET_NAME)";
				SWIFT_OBJC_BRIDGING_HEADER = FlashFlood/ObjectiveC_Bridging_Header.h;
			};
			name = Debug;
		};
		6D5FA90D1C45B3EB0091CF3D /* Release */ = {
			isa = XCBuildConfiguration;
			baseConfigurationReference = 02B346C0653FBB6CBAE03797 /* Pods.release.xcconfig */;
			buildSettings = {
				ASSETCATALOG_COMPILER_APPICON_NAME = AppIcon;
				INFOPLIST_FILE = FlashFlood/Info.plist;
				LD_RUNPATH_SEARCH_PATHS = "$(inherited) @executable_path/Frameworks";
				PRODUCT_BUNDLE_IDENTIFIER = IS552.FlashFlood;
				PRODUCT_NAME = "$(TARGET_NAME)";
				SWIFT_OBJC_BRIDGING_HEADER = FlashFlood/ObjectiveC_Bridging_Header.h;
			};
			name = Release;
		};
/* End XCBuildConfiguration section */

/* Begin XCConfigurationList section */
		6D5FA8F21C45B3EB0091CF3D /* Build configuration list for PBXProject "FlashFlood" */ = {
			isa = XCConfigurationList;
			buildConfigurations = (
				6D5FA9091C45B3EB0091CF3D /* Debug */,
				6D5FA90A1C45B3EB0091CF3D /* Release */,
			);
			defaultConfigurationIsVisible = 0;
			defaultConfigurationName = Release;
		};
		6D5FA90B1C45B3EB0091CF3D /* Build configuration list for PBXNativeTarget "FlashFlood" */ = {
			isa = XCConfigurationList;
			buildConfigurations = (
				6D5FA90C1C45B3EB0091CF3D /* Debug */,
				6D5FA90D1C45B3EB0091CF3D /* Release */,
			);
			defaultConfigurationIsVisible = 0;
			defaultConfigurationName = Release;
		};
/* End XCConfigurationList section */
	};
	rootObject = 6D5FA8EF1C45B3EB0091CF3D /* Project object */;
}
